
Microsoft Visual Studio Solution File, Format Version 12.00
# Visual Studio Version 17
VisualStudioVersion = 17.7.33906.173
MinimumVisualStudioVersion = 10.0.40219.1
Project("{2150E333-8FDC-42A3-9474-1A3956D46DE8}") = "Services", "Services", "{A56FB0D2-F11B-43CC-BA42-3278B09C0F59}"
EndProject
Project("{2150E333-8FDC-42A3-9474-1A3956D46DE8}") = "Catalog", "Catalog", "{2D913294-AB56-464E-A810-C178870ED60F}"
EndProject
Project("{9A19103F-16F7-4668-BE54-9A1E7A4F7556}") = "Catalog.API", "Services\Catalog\Catalog.API\Catalog.API.csproj", "{A4C39024-6C6D-43C4-B823-7D1C56511388}"
EndProject
Project("{E53339B2-1760-4266-BCC7-CA923CBCF16C}") = "docker-compose", "docker-compose.dcproj", "{23A0A7AD-BF49-4EB0-9201-C9C6976608A3}"
EndProject
Project("{2150E333-8FDC-42A3-9474-1A3956D46DE8}") = "Basket", "Basket", "{42EE5EAC-48FC-4BC7-8E10-2A313B09D9EA}"
EndProject
Project("{9A19103F-16F7-4668-BE54-9A1E7A4F7556}") = "Basket.API", "Services\Basket\Basket.API\Basket.API.csproj", "{9E9949D7-719D-42D8-BD30-D670202EE322}"
EndProject
Project("{2150E333-8FDC-42A3-9474-1A3956D46DE8}") = "Discount", "Discount", "{3BC5C3B7-2099-4359-818B-0C06B7B4F36A}"
EndProject
Project("{FAE04EC0-301F-11D3-BF4B-00C04F79EFBC}") = "Discount.API", "Services\Discount\Discount.API\Discount.API.csproj", "{29867D4A-9A9D-4A84-B394-79FBB6523607}"
EndProject
Project("{FAE04EC0-301F-11D3-BF4B-00C04F79EFBC}") = "Discount.Grpc", "Services\Discount\Discount.Grpc\Discount.Grpc.csproj", "{04584EE3-DF89-482B-B9A7-8E1A57DAFBCA}"
EndProject
Project("{2150E333-8FDC-42A3-9474-1A3956D46DE8}") = "Ordering", "Ordering", "{9766C564-2580-4267-B712-67C70D4C8498}"
EndProject
Project("{FAE04EC0-301F-11D3-BF4B-00C04F79EFBC}") = "Ordering.API", "Services\Ordering\Ordering.API\Ordering.API.csproj", "{F1AA5279-6D78-44A4-AC9F-D4B5F62BBEAD}"
EndProject
Project("{FAE04EC0-301F-11D3-BF4B-00C04F79EFBC}") = "Ordering.Domain", "Services\Ordering\Ordering.Domain\Ordering.Domain.csproj", "{6D766182-A608-4535-B3E8-EFEFF8E0590B}"
EndProject
Project("{FAE04EC0-301F-11D3-BF4B-00C04F79EFBC}") = "Ordering.Application", "Services\Ordering\Ordering.Application\Ordering.Application.csproj", "{26ABBA7E-F5B7-49B6-A0F0-14B31C7C989A}"
EndProject
Project("{FAE04EC0-301F-11D3-BF4B-00C04F79EFBC}") = "Ordering.Infrastructure", "Services\Ordering\Ordering.Infrastructure\Ordering.Infrastructure.csproj", "{F27F6C78-329B-4B35-ACE9-29AA8D87EDF2}"
EndProject
Global
	GlobalSection(SolutionConfigurationPlatforms) = preSolution
		Debug|Any CPU = Debug|Any CPU
		Release|Any CPU = Release|Any CPU
	EndGlobalSection
	GlobalSection(ProjectConfigurationPlatforms) = postSolution
		{A4C39024-6C6D-43C4-B823-7D1C56511388}.Debug|Any CPU.ActiveCfg = Debug|Any CPU
		{A4C39024-6C6D-43C4-B823-7D1C56511388}.Debug|Any CPU.Build.0 = Debug|Any CPU
		{A4C39024-6C6D-43C4-B823-7D1C56511388}.Release|Any CPU.ActiveCfg = Release|Any CPU
		{A4C39024-6C6D-43C4-B823-7D1C56511388}.Release|Any CPU.Build.0 = Release|Any CPU
		{23A0A7AD-BF49-4EB0-9201-C9C6976608A3}.Debug|Any CPU.ActiveCfg = Debug|Any CPU
		{23A0A7AD-BF49-4EB0-9201-C9C6976608A3}.Debug|Any CPU.Build.0 = Debug|Any CPU
		{23A0A7AD-BF49-4EB0-9201-C9C6976608A3}.Release|Any CPU.ActiveCfg = Release|Any CPU
		{23A0A7AD-BF49-4EB0-9201-C9C6976608A3}.Release|Any CPU.Build.0 = Release|Any CPU
		{9E9949D7-719D-42D8-BD30-D670202EE322}.Debug|Any CPU.ActiveCfg = Debug|Any CPU
		{9E9949D7-719D-42D8-BD30-D670202EE322}.Debug|Any CPU.Build.0 = Debug|Any CPU
		{9E9949D7-719D-42D8-BD30-D670202EE322}.Release|Any CPU.ActiveCfg = Release|Any CPU
		{9E9949D7-719D-42D8-BD30-D670202EE322}.Release|Any CPU.Build.0 = Release|Any CPU
		{29867D4A-9A9D-4A84-B394-79FBB6523607}.Debug|Any CPU.ActiveCfg = Debug|Any CPU
		{29867D4A-9A9D-4A84-B394-79FBB6523607}.Debug|Any CPU.Build.0 = Debug|Any CPU
		{29867D4A-9A9D-4A84-B394-79FBB6523607}.Release|Any CPU.ActiveCfg = Release|Any CPU
		{29867D4A-9A9D-4A84-B394-79FBB6523607}.Release|Any CPU.Build.0 = Release|Any CPU
		{04584EE3-DF89-482B-B9A7-8E1A57DAFBCA}.Debug|Any CPU.ActiveCfg = Debug|Any CPU
		{04584EE3-DF89-482B-B9A7-8E1A57DAFBCA}.Debug|Any CPU.Build.0 = Debug|Any CPU
		{04584EE3-DF89-482B-B9A7-8E1A57DAFBCA}.Release|Any CPU.ActiveCfg = Release|Any CPU
		{04584EE3-DF89-482B-B9A7-8E1A57DAFBCA}.Release|Any CPU.Build.0 = Release|Any CPU
		{F1AA5279-6D78-44A4-AC9F-D4B5F62BBEAD}.Debug|Any CPU.ActiveCfg = Debug|Any CPU
		{F1AA5279-6D78-44A4-AC9F-D4B5F62BBEAD}.Debug|Any CPU.Build.0 = Debug|Any CPU
		{F1AA5279-6D78-44A4-AC9F-D4B5F62BBEAD}.Release|Any CPU.ActiveCfg = Release|Any CPU
		{F1AA5279-6D78-44A4-AC9F-D4B5F62BBEAD}.Release|Any CPU.Build.0 = Release|Any CPU
		{6D766182-A608-4535-B3E8-EFEFF8E0590B}.Debug|Any CPU.ActiveCfg = Debug|Any CPU
		{6D766182-A608-4535-B3E8-EFEFF8E0590B}.Debug|Any CPU.Build.0 = Debug|Any CPU
		{6D766182-A608-4535-B3E8-EFEFF8E0590B}.Release|Any CPU.ActiveCfg = Release|Any CPU
		{6D766182-A608-4535-B3E8-EFEFF8E0590B}.Release|Any CPU.Build.0 = Release|Any CPU
		{26ABBA7E-F5B7-49B6-A0F0-14B31C7C989A}.Debug|Any CPU.ActiveCfg = Debug|Any CPU
		{26ABBA7E-F5B7-49B6-A0F0-14B31C7C989A}.Debug|Any CPU.Build.0 = Debug|Any CPU
		{26ABBA7E-F5B7-49B6-A0F0-14B31C7C989A}.Release|Any CPU.ActiveCfg = Release|Any CPU
		{26ABBA7E-F5B7-49B6-A0F0-14B31C7C989A}.Release|Any CPU.Build.0 = Release|Any CPU
		{F27F6C78-329B-4B35-ACE9-29AA8D87EDF2}.Debug|Any CPU.ActiveCfg = Debug|Any CPU
		{F27F6C78-329B-4B35-ACE9-29AA8D87EDF2}.Debug|Any CPU.Build.0 = Debug|Any CPU
		{F27F6C78-329B-4B35-ACE9-29AA8D87EDF2}.Release|Any CPU.ActiveCfg = Release|Any CPU
		{F27F6C78-329B-4B35-ACE9-29AA8D87EDF2}.Release|Any CPU.Build.0 = Release|Any CPU
	EndGlobalSection
	GlobalSection(SolutionProperties) = preSolution
		HideSolutionNode = FALSE
	EndGlobalSection
	GlobalSection(NestedProjects) = preSolution
		{2D913294-AB56-464E-A810-C178870ED60F} = {A56FB0D2-F11B-43CC-BA42-3278B09C0F59}
		{A4C39024-6C6D-43C4-B823-7D1C56511388} = {2D913294-AB56-464E-A810-C178870ED60F}
		{42EE5EAC-48FC-4BC7-8E10-2A313B09D9EA} = {A56FB0D2-F11B-43CC-BA42-3278B09C0F59}
		{9E9949D7-719D-42D8-BD30-D670202EE322} = {42EE5EAC-48FC-4BC7-8E10-2A313B09D9EA}
		{3BC5C3B7-2099-4359-818B-0C06B7B4F36A} = {A56FB0D2-F11B-43CC-BA42-3278B09C0F59}
		{29867D4A-9A9D-4A84-B394-79FBB6523607} = {3BC5C3B7-2099-4359-818B-0C06B7B4F36A}
		{04584EE3-DF89-482B-B9A7-8E1A57DAFBCA} = {3BC5C3B7-2099-4359-818B-0C06B7B4F36A}
		{9766C564-2580-4267-B712-67C70D4C8498} = {A56FB0D2-F11B-43CC-BA42-3278B09C0F59}
		{F1AA5279-6D78-44A4-AC9F-D4B5F62BBEAD} = {9766C564-2580-4267-B712-67C70D4C8498}
		{6D766182-A608-4535-B3E8-EFEFF8E0590B} = {9766C564-2580-4267-B712-67C70D4C8498}
		{26ABBA7E-F5B7-49B6-A0F0-14B31C7C989A} = {9766C564-2580-4267-B712-67C70D4C8498}
		{F27F6C78-329B-4B35-ACE9-29AA8D87EDF2} = {9766C564-2580-4267-B712-67C70D4C8498}
	EndGlobalSection
	GlobalSection(ExtensibilityGlobals) = postSolution
		SolutionGuid = {C41AAE1D-3659-41D0-8989-928153BAA984}
	EndGlobalSection
EndGlobal
